
Microsoft Visual Studio Solution File, Format Version 12.00
# Visual Studio Version 16
VisualStudioVersion = 16.0.31911.196
MinimumVisualStudioVersion = 10.0.40219.1
Project("{FAE04EC0-301F-11D3-BF4B-00C04F79EFBC}") = "DocumentationChecker", "DocumentationChecker\DocumentationChecker.csproj", "{2C976788-6CEE-44E6-93BB-AF673B8DE879}"
EndProject
Project("{FAE04EC0-301F-11D3-BF4B-00C04F79EFBC}") = "IniFileFormatTests", "..\..\tests\IniFileFormatTests\IniFileFormatTests.csproj", "{A731629C-4F03-41E1-96B7-B8EFD13768F9}"
EndProject
Global
	GlobalSection(SolutionConfigurationPlatforms) = preSolution
		Debug|Any CPU = Debug|Any CPU
		Release|Any CPU = Release|Any CPU
	EndGlobalSection
	GlobalSection(ProjectConfigurationPlatforms) = postSolution
		{2C976788-6CEE-44E6-93BB-AF673B8DE879}.Debug|Any CPU.ActiveCfg = Debug|Any CPU
		{2C976788-6CEE-44E6-93BB-AF673B8DE879}.Debug|Any CPU.Build.0 = Debug|Any CPU
		{2C976788-6CEE-44E6-93BB-AF673B8DE879}.Release|Any CPU.ActiveCfg = Release|Any CPU
		{2C976788-6CEE-44E6-93BB-AF673B8DE879}.Release|Any CPU.Build.0 = Release|Any CPU
		{A731629C-4F03-41E1-96B7-B8EFD13768F9}.Debug|Any CPU.ActiveCfg = Debug|Any CPU
		{A731629C-4F03-41E1-96B7-B8EFD13768F9}.Debug|Any CPU.Build.0 = Debug|Any CPU
		{A731629C-4F03-41E1-96B7-B8EFD13768F9}.Release|Any CPU.ActiveCfg = Release|Any CPU
		{A731629C-4F03-41E1-96B7-B8EFD13768F9}.Release|Any CPU.Build.0 = Release|Any CPU
	EndGlobalSection
	GlobalSection(SolutionProperties) = preSolution
		HideSolutionNode = FALSE
	EndGlobalSection
	GlobalSection(ExtensibilityGlobals) = postSolution
		SolutionGuid = {B07D2576-63EC-48A1-BE8C-48D7BD43ECE5}
	EndGlobalSection
EndGlobal
